// !$*UTF8*$!
{
	archiveVersion = 1;
	classes = {
	};
	objectVersion = 56;
	objects = {

/* Begin PBXBuildFile section */
		0428FB7A29E8E8DA00D66720 /* CircleImage.swift in Sources */ = {isa = PBXBuildFile; fileRef = 0428FB7929E8E8DA00D66720 /* CircleImage.swift */; };
		0428FB8429E8ED3100D66720 /* MapView.swift in Sources */ = {isa = PBXBuildFile; fileRef = 0428FB8329E8ED3100D66720 /* MapView.swift */; };
		0428FB8629E8F0FA00D66720 /* landmarkData.json in Resources */ = {isa = PBXBuildFile; fileRef = 0428FB8529E8F0FA00D66720 /* landmarkData.json */; };
		0428FB8A29E8F1FD00D66720 /* ModelData.swift in Sources */ = {isa = PBXBuildFile; fileRef = 0428FB8929E8F1FD00D66720 /* ModelData.swift */; };
		0428FB8F29E8F36B00D66720 /* LandmarkRow.swift in Sources */ = {isa = PBXBuildFile; fileRef = 0428FB8E29E8F36B00D66720 /* LandmarkRow.swift */; };
		0428FB9129E8F42400D66720 /* Landmark.swift in Sources */ = {isa = PBXBuildFile; fileRef = 0428FB9029E8F42400D66720 /* Landmark.swift */; };
		04AD1C3D29E4EE4D00114C5D /* _706012110019_ileenetrinia_AFL3App.swift in Sources */ = {isa = PBXBuildFile; fileRef = 04AD1C3C29E4EE4D00114C5D /* _706012110019_ileenetrinia_AFL3App.swift */; };
		04AD1C3F29E4EE4D00114C5D /* ContentView.swift in Sources */ = {isa = PBXBuildFile; fileRef = 04AD1C3E29E4EE4D00114C5D /* ContentView.swift */; };
		04AD1C4129E4EE4F00114C5D /* Assets.xcassets in Resources */ = {isa = PBXBuildFile; fileRef = 04AD1C4029E4EE4F00114C5D /* Assets.xcassets */; };
		04AD1C4429E4EE4F00114C5D /* Preview Assets.xcassets in Resources */ = {isa = PBXBuildFile; fileRef = 04AD1C4329E4EE4F00114C5D /* Preview Assets.xcassets */; };
/* End PBXBuildFile section */

/* Begin PBXFileReference section */
		0428FB7929E8E8DA00D66720 /* CircleImage.swift */ = {isa = PBXFileReference; lastKnownFileType = sourcecode.swift; path = CircleImage.swift; sourceTree = "<group>"; };
		0428FB8329E8ED3100D66720 /* MapView.swift */ = {isa = PBXFileReference; lastKnownFileType = sourcecode.swift; path = MapView.swift; sourceTree = "<group>"; };
		0428FB8529E8F0FA00D66720 /* landmarkData.json */ = {isa = PBXFileReference; fileEncoding = 4; lastKnownFileType = text.json; path = landmarkData.json; sourceTree = "<group>"; };
		0428FB8929E8F1FD00D66720 /* ModelData.swift */ = {isa = PBXFileReference; lastKnownFileType = sourcecode.swift; path = ModelData.swift; sourceTree = "<group>"; };
		0428FB8E29E8F36B00D66720 /* LandmarkRow.swift */ = {isa = PBXFileReference; lastKnownFileType = sourcecode.swift; path = LandmarkRow.swift; sourceTree = "<group>"; };
		0428FB9029E8F42400D66720 /* Landmark.swift */ = {isa = PBXFileReference; lastKnownFileType = sourcecode.swift; path = Landmark.swift; sourceTree = "<group>"; };
		04AD1C3929E4EE4D00114C5D /* 0706012110019-ileenetrinia-AFL3.app */ = {isa = PBXFileReference; explicitFileType = wrapper.application; includeInIndex = 0; path = "0706012110019-ileenetrinia-AFL3.app"; sourceTree = BUILT_PRODUCTS_DIR; };
		04AD1C3C29E4EE4D00114C5D /* _706012110019_ileenetrinia_AFL3App.swift */ = {isa = PBXFileReference; lastKnownFileType = sourcecode.swift; path = _706012110019_ileenetrinia_AFL3App.swift; sourceTree = "<group>"; };
		04AD1C3E29E4EE4D00114C5D /* ContentView.swift */ = {isa = PBXFileReference; lastKnownFileType = sourcecode.swift; path = ContentView.swift; sourceTree = "<group>"; };
		04AD1C4029E4EE4F00114C5D /* Assets.xcassets */ = {isa = PBXFileReference; lastKnownFileType = folder.assetcatalog; path = Assets.xcassets; sourceTree = "<group>"; };
		04AD1C4329E4EE4F00114C5D /* Preview Assets.xcassets */ = {isa = PBXFileReference; lastKnownFileType = folder.assetcatalog; path = "Preview Assets.xcassets"; sourceTree = "<group>"; };
/* End PBXFileReference section */

/* Begin PBXFrameworksBuildPhase section */
		04AD1C3629E4EE4D00114C5D /* Frameworks */ = {
			isa = PBXFrameworksBuildPhase;
			buildActionMask = 2147483647;
			files = (
			);
			runOnlyForDeploymentPostprocessing = 0;
		};
/* End PBXFrameworksBuildPhase section */

/* Begin PBXGroup section */
		0428FB8B29E8F25200D66720 /* Views */ = {
			isa = PBXGroup;
			children = (
				04AD1C3E29E4EE4D00114C5D /* ContentView.swift */,
				0428FB7929E8E8DA00D66720 /* CircleImage.swift */,
				0428FB8329E8ED3100D66720 /* MapView.swift */,
				0428FB8E29E8F36B00D66720 /* LandmarkRow.swift */,
			);
			path = Views;
			sourceTree = "<group>";
		};
		0428FB8C29E8F27100D66720 /* Model */ = {
			isa = PBXGroup;
			children = (
				0428FB8929E8F1FD00D66720 /* ModelData.swift */,
				0428FB9029E8F42400D66720 /* Landmark.swift */,
			);
			path = Model;
			sourceTree = "<group>";
		};
		0428FB8D29E8F28800D66720 /* Resources */ = {
			isa = PBXGroup;
			children = (
				0428FB8529E8F0FA00D66720 /* landmarkData.json */,
			);
			path = Resources;
			sourceTree = "<group>";
		};
		04AD1C3029E4EE4D00114C5D = {
			isa = PBXGroup;
			children = (
				04AD1C3B29E4EE4D00114C5D /* 0706012110019-ileenetrinia-AFL3 */,
				04AD1C3A29E4EE4D00114C5D /* Products */,
			);
			sourceTree = "<group>";
		};
		04AD1C3A29E4EE4D00114C5D /* Products */ = {
			isa = PBXGroup;
			children = (
				04AD1C3929E4EE4D00114C5D /* 0706012110019-ileenetrinia-AFL3.app */,
			);
			name = Products;
			sourceTree = "<group>";
		};
		04AD1C3B29E4EE4D00114C5D /* 0706012110019-ileenetrinia-AFL3 */ = {
			isa = PBXGroup;
			children = (
				0428FB8D29E8F28800D66720 /* Resources */,
				0428FB8C29E8F27100D66720 /* Model */,
				0428FB8B29E8F25200D66720 /* Views */,
				04AD1C3C29E4EE4D00114C5D /* _706012110019_ileenetrinia_AFL3App.swift */,
				04AD1C4029E4EE4F00114C5D /* Assets.xcassets */,
				04AD1C4229E4EE4F00114C5D /* Preview Content */,
			);
			path = "0706012110019-ileenetrinia-AFL3";
			sourceTree = "<group>";
		};
		04AD1C4229E4EE4F00114C5D /* Preview Content */ = {
			isa = PBXGroup;
			children = (
				04AD1C4329E4EE4F00114C5D /* Preview Assets.xcassets */,
			);
			path = "Preview Content";
			sourceTree = "<group>";
		};
/* End PBXGroup section */

/* Begin PBXNativeTarget section */
		04AD1C3829E4EE4D00114C5D /* 0706012110019-ileenetrinia-AFL3 */ = {
			isa = PBXNativeTarget;
			buildConfigurationList = 04AD1C4729E4EE4F00114C5D /* Build configuration list for PBXNativeTarget "0706012110019-ileenetrinia-AFL3" */;
			buildPhases = (
				04AD1C3529E4EE4D00114C5D /* Sources */,
				04AD1C3629E4EE4D00114C5D /* Frameworks */,
				04AD1C3729E4EE4D00114C5D /* Resources */,
			);
			buildRules = (
			);
			dependencies = (
			);
			name = "0706012110019-ileenetrinia-AFL3";
			productName = "0706012110019-ileenetrinia-AFL3";
			productReference = 04AD1C3929E4EE4D00114C5D /* 0706012110019-ileenetrinia-AFL3.app */;
			productType = "com.apple.product-type.application";
		};
/* End PBXNativeTarget section */

/* Begin PBXProject section */
		04AD1C3129E4EE4D00114C5D /* Project object */ = {
			isa = PBXProject;
			attributes = {
				BuildIndependentTargetsInParallel = 1;
				LastSwiftUpdateCheck = 1420;
				LastUpgradeCheck = 1420;
				TargetAttributes = {
					04AD1C3829E4EE4D00114C5D = {
						CreatedOnToolsVersion = 14.2;
					};
				};
			};
			buildConfigurationList = 04AD1C3429E4EE4D00114C5D /* Build configuration list for PBXProject "0706012110019-ileenetrinia-AFL3" */;
			compatibilityVersion = "Xcode 14.0";
			developmentRegion = en;
			hasScannedForEncodings = 0;
			knownRegions = (
				en,
				Base,
			);
			mainGroup = 04AD1C3029E4EE4D00114C5D;
			productRefGroup = 04AD1C3A29E4EE4D00114C5D /* Products */;
			projectDirPath = "";
			projectRoot = "";
			targets = (
				04AD1C3829E4EE4D00114C5D /* 0706012110019-ileenetrinia-AFL3 */,
			);
		};
/* End PBXProject section */

/* Begin PBXResourcesBuildPhase section */
		04AD1C3729E4EE4D00114C5D /* Resources */ = {
			isa = PBXResourcesBuildPhase;
			buildActionMask = 2147483647;
			files = (
				04AD1C4429E4EE4F00114C5D /* Preview Assets.xcassets in Resources */,
				04AD1C4129E4EE4F00114C5D /* Assets.xcassets in Resources */,
				0428FB8629E8F0FA00D66720 /* landmarkData.json in Resources */,
			);
			runOnlyForDeploymentPostprocessing = 0;
		};
/* End PBXResourcesBuildPhase section */

/* Begin PBXSourcesBuildPhase section */
		04AD1C3529E4EE4D00114C5D /* Sources */ = {
			isa = PBXSourcesBuildPhase;
			buildActionMask = 2147483647;
			files = (
				04AD1C3F29E4EE4D00114C5D /* ContentView.swift in Sources */,
				0428FB8429E8ED3100D66720 /* MapView.swift in Sources */,
				04AD1C3D29E4EE4D00114C5D /* _706012110019_ileenetrinia_AFL3App.swift in Sources */,
				0428FB9129E8F42400D66720 /* Landmark.swift in Sources */,
				0428FB7A29E8E8DA00D66720 /* CircleImage.swift in Sources */,
				0428FB8F29E8F36B00D66720 /* LandmarkRow.swift in Sources */,
				0428FB8A29E8F1FD00D66720 /* ModelData.swift in Sources */,
			);
			runOnlyForDeploymentPostprocessing = 0;
		};
/* End PBXSourcesBuildPhase section */

/* Begin XCBuildConfiguration section */
		04AD1C4529E4EE4F00114C5D /* Debug */ = {
			isa = XCBuildConfiguration;
			buildSettings = {
				ALWAYS_SEARCH_USER_PATHS = NO;
				CLANG_ANALYZER_NONNULL = YES;
				CLANG_ANALYZER_NUMBER_OBJECT_CONVERSION = YES_AGGRESSIVE;
				CLANG_CXX_LANGUAGE_STANDARD = "gnu++20";
				CLANG_ENABLE_MODULES = YES;
				CLANG_ENABLE_OBJC_ARC = YES;
				CLANG_ENABLE_OBJC_WEAK = YES;
				CLANG_WARN_BLOCK_CAPTURE_AUTORELEASING = YES;
				CLANG_WARN_BOOL_CONVERSION = YES;
				CLANG_WARN_COMMA = YES;
				CLANG_WARN_CONSTANT_CONVERSION = YES;
				CLANG_WARN_DEPRECATED_OBJC_IMPLEMENTATIONS = YES;
				CLANG_WARN_DIRECT_OBJC_ISA_USAGE = YES_ERROR;
				CLANG_WARN_DOCUMENTATION_COMMENTS = YES;
				CLANG_WARN_EMPTY_BODY = YES;
				CLANG_WARN_ENUM_CONVERSION = YES;
				CLANG_WARN_INFINITE_RECURSION = YES;
				CLANG_WARN_INT_CONVERSION = YES;
				CLANG_WARN_NON_LITERAL_NULL_CONVERSION = YES;
				CLANG_WARN_OBJC_IMPLICIT_RETAIN_SELF = YES;
				CLANG_WARN_OBJC_LITERAL_CONVERSION = YES;
				CLANG_WARN_OBJC_ROOT_CLASS = YES_ERROR;
				CLANG_WARN_QUOTED_INCLUDE_IN_FRAMEWORK_HEADER = YES;
				CLANG_WARN_RANGE_LOOP_ANALYSIS = YES;
				CLANG_WARN_STRICT_PROTOTYPES = YES;
				CLANG_WARN_SUSPICIOUS_MOVE = YES;
				CLANG_WARN_UNGUARDED_AVAILABILITY = YES_AGGRESSIVE;
				CLANG_WARN_UNREACHABLE_CODE = YES;
				CLANG_WARN__DUPLICATE_METHOD_MATCH = YES;
				COPY_PHASE_STRIP = NO;
				DEBUG_INFORMATION_FORMAT = dwarf;
				ENABLE_STRICT_OBJC_MSGSEND = YES;
				ENABLE_TESTABILITY = YES;
				GCC_C_LANGUAGE_STANDARD = gnu11;
				GCC_DYNAMIC_NO_PIC = NO;
				GCC_NO_COMMON_BLOCKS = YES;
				GCC_OPTIMIZATION_LEVEL = 0;
				GCC_PREPROCESSOR_DEFINITIONS = (
					"DEBUG=1",
					"$(inherited)",
				);
				GCC_WARN_64_TO_32_BIT_CONVERSION = YES;
				GCC_WARN_ABOUT_RETURN_TYPE = YES_ERROR;
				GCC_WARN_UNDECLARED_SELECTOR = YES;
				GCC_WARN_UNINITIALIZED_AUTOS = YES_AGGRESSIVE;
				GCC_WARN_UNUSED_FUNCTION = YES;
				GCC_WARN_UNUSED_VARIABLE = YES;
				IPHONEOS_DEPLOYMENT_TARGET = 16.2;
				MTL_ENABLE_DEBUG_INFO = INCLUDE_SOURCE;
				MTL_FAST_MATH = YES;
				ONLY_ACTIVE_ARCH = YES;
				SDKROOT = iphoneos;
				SWIFT_ACTIVE_COMPILATION_CONDITIONS = DEBUG;
				SWIFT_OPTIMIZATION_LEVEL = "-Onone";
			};
			name = Debug;
		};
		04AD1C4629E4EE4F00114C5D /* Release */ = {
			isa = XCBuildConfiguration;
			buildSettings = {
				ALWAYS_SEARCH_USER_PATHS = NO;
				CLANG_ANALYZER_NONNULL = YES;
				CLANG_ANALYZER_NUMBER_OBJECT_CONVERSION = YES_AGGRESSIVE;
				CLANG_CXX_LANGUAGE_STANDARD = "gnu++20";
				CLANG_ENABLE_MODULES = YES;
				CLANG_ENABLE_OBJC_ARC = YES;
				CLANG_ENABLE_OBJC_WEAK = YES;
				CLANG_WARN_BLOCK_CAPTURE_AUTORELEASING = YES;
				CLANG_WARN_BOOL_CONVERSION = YES;
				CLANG_WARN_COMMA = YES;
				CLANG_WARN_CONSTANT_CONVERSION = YES;
				CLANG_WARN_DEPRECATED_OBJC_IMPLEMENTATIONS = YES;
				CLANG_WARN_DIRECT_OBJC_ISA_USAGE = YES_ERROR;
				CLANG_WARN_DOCUMENTATION_COMMENTS = YES;
				CLANG_WARN_EMPTY_BODY = YES;
				CLANG_WARN_ENUM_CONVERSION = YES;
				CLANG_WARN_INFINITE_RECURSION = YES;
				CLANG_WARN_INT_CONVERSION = YES;
				CLANG_WARN_NON_LITERAL_NULL_CONVERSION = YES;
				CLANG_WARN_OBJC_IMPLICIT_RETAIN_SELF = YES;
				CLANG_WARN_OBJC_LITERAL_CONVERSION = YES;
				CLANG_WARN_OBJC_ROOT_CLASS = YES_ERROR;
				CLANG_WARN_QUOTED_INCLUDE_IN_FRAMEWORK_HEADER = YES;
				CLANG_WARN_RANGE_LOOP_ANALYSIS = YES;
				CLANG_WARN_STRICT_PROTOTYPES = YES;
				CLANG_WARN_SUSPICIOUS_MOVE = YES;
				CLANG_WARN_UNGUARDED_AVAILABILITY = YES_AGGRESSIVE;
				CLANG_WARN_UNREACHABLE_CODE = YES;
				CLANG_WARN__DUPLICATE_METHOD_MATCH = YES;
				COPY_PHASE_STRIP = NO;
				DEBUG_INFORMATION_FORMAT = "dwarf-with-dsym";
				ENABLE_NS_ASSERTIONS = NO;
				ENABLE_STRICT_OBJC_MSGSEND = YES;
				GCC_C_LANGUAGE_STANDARD = gnu11;
				GCC_NO_COMMON_BLOCKS = YES;
				GCC_WARN_64_TO_32_BIT_CONVERSION = YES;
				GCC_WARN_ABOUT_RETURN_TYPE = YES_ERROR;
				GCC_WARN_UNDECLARED_SELECTOR = YES;
				GCC_WARN_UNINITIALIZED_AUTOS = YES_AGGRESSIVE;
				GCC_WARN_UNUSED_FUNCTION = YES;
				GCC_WARN_UNUSED_VARIABLE = YES;
				IPHONEOS_DEPLOYMENT_TARGET = 16.2;
				MTL_ENABLE_DEBUG_INFO = NO;
				MTL_FAST_MATH = YES;
				SDKROOT = iphoneos;
				SWIFT_COMPILATION_MODE = wholemodule;
				SWIFT_OPTIMIZATION_LEVEL = "-O";
				VALIDATE_PRODUCT = YES;
			};
			name = Release;
		};
		04AD1C4829E4EE4F00114C5D /* Debug */ = {
			isa = XCBuildConfiguration;
			buildSettings = {
				ASSETCATALOG_COMPILER_APPICON_NAME = AppIcon;
				ASSETCATALOG_COMPILER_GLOBAL_ACCENT_COLOR_NAME = AccentColor;
				CODE_SIGN_STYLE = Automatic;
				CURRENT_PROJECT_VERSION = 1;
				DEVELOPMENT_ASSET_PATHS = "\"0706012110019-ileenetrinia-AFL3/Preview Content\"";
				DEVELOPMENT_TEAM = 6UXUMJD7JK;
				ENABLE_PREVIEWS = YES;
				GENERATE_INFOPLIST_FILE = YES;
				INFOPLIST_KEY_UIApplicationSceneManifest_Generation = YES;
				INFOPLIST_KEY_UIApplicationSupportsIndirectInputEvents = YES;
				INFOPLIST_KEY_UILaunchScreen_Generation = YES;
				INFOPLIST_KEY_UISupportedInterfaceOrientations_iPad = "UIInterfaceOrientationPortrait UIInterfaceOrientationPortraitUpsideDown UIInterfaceOrientationLandscapeLeft UIInterfaceOrientationLandscapeRight";
				INFOPLIST_KEY_UISupportedInterfaceOrientations_iPhone = "UIInterfaceOrientationPortrait UIInterfaceOrientationLandscapeLeft UIInterfaceOrientationLandscapeRight";
				LD_RUNPATH_SEARCH_PATHS = (
					"$(inherited)",
					"@executable_path/Frameworks",
				);
				MARKETING_VERSION = 1.0;
				PRODUCT_BUNDLE_IDENTIFIER = "il.-706012110019-ileenetrinia-AFL3";
				PRODUCT_NAME = "$(TARGET_NAME)";
				SWIFT_EMIT_LOC_STRINGS = YES;
				SWIFT_VERSION = 5.0;
				TARGETED_DEVICE_FAMILY = "1,2";
			};
			name = Debug;
		};
		04AD1C4929E4EE4F00114C5D /* Release */ = {
			isa = XCBuildConfiguration;
			buildSettings = {
				ASSETCATALOG_COMPILER_APPICON_NAME = AppIcon;
				ASSETCATALOG_COMPILER_GLOBAL_ACCENT_COLOR_NAME = AccentColor;
				CODE_SIGN_STYLE = Automatic;
				CURRENT_PROJECT_VERSION = 1;
				DEVELOPMENT_ASSET_PATHS = "\"0706012110019-ileenetrinia-AFL3/Preview Content\"";
				DEVELOPMENT_TEAM = 6UXUMJD7JK;
				ENABLE_PREVIEWS = YES;
				GENERATE_INFOPLIST_FILE = YES;
				INFOPLIST_KEY_UIApplicationSceneManifest_Generation = YES;
				INFOPLIST_KEY_UIApplicationSupportsIndirectInputEvents = YES;
				INFOPLIST_KEY_UILaunchScreen_Generation = YES;
				INFOPLIST_KEY_UISupportedInterfaceOrientations_iPad = "UIInterfaceOrientationPortrait UIInterfaceOrientationPortraitUpsideDown UIInterfaceOrientationLandscapeLeft UIInterfaceOrientationLandscapeRight";
				INFOPLIST_KEY_UISupportedInterfaceOrientations_iPhone = "UIInterfaceOrientationPortrait UIInterfaceOrientationLandscapeLeft UIInterfaceOrientationLandscapeRight";
				LD_RUNPATH_SEARCH_PATHS = (
					"$(inherited)",
					"@executable_path/Frameworks",
				);
				MARKETING_VERSION = 1.0;
				PRODUCT_BUNDLE_IDENTIFIER = "il.-706012110019-ileenetrinia-AFL3";
				PRODUCT_NAME = "$(TARGET_NAME)";
				SWIFT_EMIT_LOC_STRINGS = YES;
				SWIFT_VERSION = 5.0;
				TARGETED_DEVICE_FAMILY = "1,2";
			};
			name = Release;
		};
/* End XCBuildConfiguration section */

/* Begin XCConfigurationList section */
		04AD1C3429E4EE4D00114C5D /* Build configuration list for PBXProject "0706012110019-ileenetrinia-AFL3" */ = {
			isa = XCConfigurationList;
			buildConfigurations = (
				04AD1C4529E4EE4F00114C5D /* Debug */,
				04AD1C4629E4EE4F00114C5D /* Release */,
			);
			defaultConfigurationIsVisible = 0;
			defaultConfigurationName = Release;
		};
		04AD1C4729E4EE4F00114C5D /* Build configuration list for PBXNativeTarget "0706012110019-ileenetrinia-AFL3" */ = {
			isa = XCConfigurationList;
			buildConfigurations = (
				04AD1C4829E4EE4F00114C5D /* Debug */,
				04AD1C4929E4EE4F00114C5D /* Release */,
			);
			defaultConfigurationIsVisible = 0;
			defaultConfigurationName = Release;
		};
/* End XCConfigurationList section */
	};
	rootObject = 04AD1C3129E4EE4D00114C5D /* Project object */;
}
